
Microsoft Visual Studio Solution File, Format Version 12.00
# Visual Studio Version 16
VisualStudioVersion = 16.0.30907.101
MinimumVisualStudioVersion = 10.0.40219.1
Project("{FAE04EC0-301F-11D3-BF4B-00C04F79EFBC}") = "Hoca", "Hoca\Hoca.csproj", "{2DAAD35A-750E-43CE-8294-DB4297EB6210}"
EndProject
Global
	GlobalSection(SolutionConfigurationPlatforms) = preSolution
		Debug|Any CPU = Debug|Any CPU
		Release|Any CPU = Release|Any CPU
	EndGlobalSection
	GlobalSection(ProjectConfigurationPlatforms) = postSolution
		{2DAAD35A-750E-43CE-8294-DB4297EB6210}.Debug|Any CPU.ActiveCfg = Debug|Any CPU
		{2DAAD35A-750E-43CE-8294-DB4297EB6210}.Debug|Any CPU.Build.0 = Debug|Any CPU
		{2DAAD35A-750E-43CE-8294-DB4297EB6210}.Release|Any CPU.ActiveCfg = Release|Any CPU
		{2DAAD35A-750E-43CE-8294-DB4297EB6210}.Release|Any CPU.Build.0 = Release|Any CPU
	EndGlobalSection
	GlobalSection(SolutionProperties) = preSolution
		HideSolutionNode = FALSE
	EndGlobalSection
	GlobalSection(ExtensibilityGlobals) = postSolution
		SolutionGuid = {873C41A3-E114-4C78-83D5-7F77C837AF09}
	EndGlobalSection
EndGlobal
